
Microsoft Visual Studio Solution File, Format Version 12.00
# Visual Studio Version 17
VisualStudioVersion = 17.11.35208.52
MinimumVisualStudioVersion = 10.0.40219.1
Project("{9A19103F-16F7-4668-BE54-9A1E7A4F7556}") = "QuinielasApi", "SourCooBaseProject\QuinielasApi.csproj", "{B670A518-63EF-49F0-911D-EE9FD06819D5}"
EndProject
Global
	GlobalSection(SolutionConfigurationPlatforms) = preSolution
		Debug|Any CPU = Debug|Any CPU
		Release|Any CPU = Release|Any CPU
	EndGlobalSection
	GlobalSection(ProjectConfigurationPlatforms) = postSolution
		{B670A518-63EF-49F0-911D-EE9FD06819D5}.Debug|Any CPU.ActiveCfg = Debug|Any CPU
		{B670A518-63EF-49F0-911D-EE9FD06819D5}.Debug|Any CPU.Build.0 = Debug|Any CPU
		{B670A518-63EF-49F0-911D-EE9FD06819D5}.Release|Any CPU.ActiveCfg = Release|Any CPU
		{B670A518-63EF-49F0-911D-EE9FD06819D5}.Release|Any CPU.Build.0 = Release|Any CPU
	EndGlobalSection
	GlobalSection(SolutionProperties) = preSolution
		HideSolutionNode = FALSE
	EndGlobalSection
	GlobalSection(ExtensibilityGlobals) = postSolution
		SolutionGuid = {BC7BE0E5-47A9-422F-978E-E02FCBE713C2}
	EndGlobalSection
EndGlobal
